
Microsoft Visual Studio Solution File, Format Version 12.00
# Visual Studio 2013
VisualStudioVersion = 12.0.30501.0
MinimumVisualStudioVersion = 10.0.40219.1
Project("{2150E333-8FDC-42A3-9474-1A3956D46DE8}") = "01_YM.Infrastructure", "01_YM.Infrastructure", "{17B7FB7B-77BF-4F3F-B5F4-231019DCFE36}"
EndProject
Project("{2150E333-8FDC-42A3-9474-1A3956D46DE8}") = "02_YM.Data", "02_YM.Data", "{8B3823B0-AB75-4F92-B5A4-C254A1613505}"
EndProject
Project("{2150E333-8FDC-42A3-9474-1A3956D46DE8}") = "03_YM.Service", "03_YM.Service", "{041B7896-86C5-45E2-885F-E1003EFB3E2F}"
EndProject
Project("{2150E333-8FDC-42A3-9474-1A3956D46DE8}") = "04_YM.Web", "04_YM.Web", "{4845DE8C-87C1-4520-AD2F-B9EF25BCF394}"
EndProject
Project("{FAE04EC0-301F-11D3-BF4B-00C04F79EFBC}") = "YM.Infrastructure", "YM.Infrastructure\YM.Infrastructure.csproj", "{79F40C11-3592-44F1-85D5-677FB3EAD61F}"
EndProject
Project("{FAE04EC0-301F-11D3-BF4B-00C04F79EFBC}") = "YM.Interfaces", "YM.Interfaces\YM.Interfaces.csproj", "{F9E4236A-D6F6-495E-B2DE-1EA5F64B6FBD}"
EndProject
Project("{FAE04EC0-301F-11D3-BF4B-00C04F79EFBC}") = "YM.Models", "YM.Models\YM.Models.csproj", "{22A55A00-6227-4CAA-AF91-514D82F4DDA8}"
EndProject
Project("{FAE04EC0-301F-11D3-BF4B-00C04F79EFBC}") = "YM.Services", "YM.Services\YM.Services.csproj", "{81F341E9-D700-4D65-9B18-B59B99767C50}"
EndProject
Project("{FAE04EC0-301F-11D3-BF4B-00C04F79EFBC}") = "Web", "Web\Web.csproj", "{BEAF78BF-F97B-42BD-8D3C-7F67C456F1A8}"
EndProject
Project("{FAE04EC0-301F-11D3-BF4B-00C04F79EFBC}") = "YM.Data", "YM.Data\YM.Data.csproj", "{9B88E7A6-81B9-4EB7-9B1F-7ABD62856A46}"
EndProject
Global
	GlobalSection(SolutionConfigurationPlatforms) = preSolution
		Debug|Any CPU = Debug|Any CPU
		Release|Any CPU = Release|Any CPU
	EndGlobalSection
	GlobalSection(ProjectConfigurationPlatforms) = postSolution
		{79F40C11-3592-44F1-85D5-677FB3EAD61F}.Debug|Any CPU.ActiveCfg = Debug|Any CPU
		{79F40C11-3592-44F1-85D5-677FB3EAD61F}.Debug|Any CPU.Build.0 = Debug|Any CPU
		{79F40C11-3592-44F1-85D5-677FB3EAD61F}.Release|Any CPU.ActiveCfg = Release|Any CPU
		{79F40C11-3592-44F1-85D5-677FB3EAD61F}.Release|Any CPU.Build.0 = Release|Any CPU
		{F9E4236A-D6F6-495E-B2DE-1EA5F64B6FBD}.Debug|Any CPU.ActiveCfg = Debug|Any CPU
		{F9E4236A-D6F6-495E-B2DE-1EA5F64B6FBD}.Debug|Any CPU.Build.0 = Debug|Any CPU
		{F9E4236A-D6F6-495E-B2DE-1EA5F64B6FBD}.Release|Any CPU.ActiveCfg = Release|Any CPU
		{F9E4236A-D6F6-495E-B2DE-1EA5F64B6FBD}.Release|Any CPU.Build.0 = Release|Any CPU
		{22A55A00-6227-4CAA-AF91-514D82F4DDA8}.Debug|Any CPU.ActiveCfg = Debug|Any CPU
		{22A55A00-6227-4CAA-AF91-514D82F4DDA8}.Debug|Any CPU.Build.0 = Debug|Any CPU
		{22A55A00-6227-4CAA-AF91-514D82F4DDA8}.Release|Any CPU.ActiveCfg = Release|Any CPU
		{22A55A00-6227-4CAA-AF91-514D82F4DDA8}.Release|Any CPU.Build.0 = Release|Any CPU
		{81F341E9-D700-4D65-9B18-B59B99767C50}.Debug|Any CPU.ActiveCfg = Debug|Any CPU
		{81F341E9-D700-4D65-9B18-B59B99767C50}.Debug|Any CPU.Build.0 = Debug|Any CPU
		{81F341E9-D700-4D65-9B18-B59B99767C50}.Release|Any CPU.ActiveCfg = Release|Any CPU
		{81F341E9-D700-4D65-9B18-B59B99767C50}.Release|Any CPU.Build.0 = Release|Any CPU
		{BEAF78BF-F97B-42BD-8D3C-7F67C456F1A8}.Debug|Any CPU.ActiveCfg = Debug|Any CPU
		{BEAF78BF-F97B-42BD-8D3C-7F67C456F1A8}.Debug|Any CPU.Build.0 = Debug|Any CPU
		{BEAF78BF-F97B-42BD-8D3C-7F67C456F1A8}.Release|Any CPU.ActiveCfg = Release|Any CPU
		{BEAF78BF-F97B-42BD-8D3C-7F67C456F1A8}.Release|Any CPU.Build.0 = Release|Any CPU
		{9B88E7A6-81B9-4EB7-9B1F-7ABD62856A46}.Debug|Any CPU.ActiveCfg = Debug|Any CPU
		{9B88E7A6-81B9-4EB7-9B1F-7ABD62856A46}.Debug|Any CPU.Build.0 = Debug|Any CPU
		{9B88E7A6-81B9-4EB7-9B1F-7ABD62856A46}.Release|Any CPU.ActiveCfg = Release|Any CPU
		{9B88E7A6-81B9-4EB7-9B1F-7ABD62856A46}.Release|Any CPU.Build.0 = Release|Any CPU
	EndGlobalSection
	GlobalSection(SolutionProperties) = preSolution
		HideSolutionNode = FALSE
	EndGlobalSection
	GlobalSection(NestedProjects) = preSolution
		{79F40C11-3592-44F1-85D5-677FB3EAD61F} = {17B7FB7B-77BF-4F3F-B5F4-231019DCFE36}
		{F9E4236A-D6F6-495E-B2DE-1EA5F64B6FBD} = {041B7896-86C5-45E2-885F-E1003EFB3E2F}
		{22A55A00-6227-4CAA-AF91-514D82F4DDA8} = {041B7896-86C5-45E2-885F-E1003EFB3E2F}
		{81F341E9-D700-4D65-9B18-B59B99767C50} = {041B7896-86C5-45E2-885F-E1003EFB3E2F}
		{BEAF78BF-F97B-42BD-8D3C-7F67C456F1A8} = {4845DE8C-87C1-4520-AD2F-B9EF25BCF394}
		{9B88E7A6-81B9-4EB7-9B1F-7ABD62856A46} = {8B3823B0-AB75-4F92-B5A4-C254A1613505}
	EndGlobalSection
EndGlobal
